# This file is automatically @generated by Poetry 2.1.4 and should not be changed by hand.

[[package]]
name = "ansicon"
version = "1.89.0"
description = "Python wrapper for loading Jason Hood's ANSICON"
optional = false
python-versions = "*"
groups = ["dev"]
markers = "platform_system == \"Windows\""
files = [
    {file = "ansicon-1.89.0-py2.py3-none-any.whl", hash = "sha256:f1def52d17f65c2c9682cf8370c03f541f410c1752d6a14029f97318e4b9dfec"},
    {file = "ansicon-1.89.0.tar.gz", hash = "sha256:e4d039def5768a47e4afec8e89e83ec3ae5a26bf00ad851f914d1240b444d2b1"},
]

[[package]]
name = "aws-lambda-powertools"
version = "3.19.0"
description = "Powertools for AWS Lambda (Python) is a developer toolkit to implement Serverless best practices and increase developer velocity."
optional = false
python-versions = "<4.0.0,>=3.9"
groups = ["main"]
files = [
    {file = "aws_lambda_powertools-3.19.0-py3-none-any.whl", hash = "sha256:98f18d35f843cd46b80ccadcf39eefc0c489325bea116383bd93048a5241d9fc"},
    {file = "aws_lambda_powertools-3.19.0.tar.gz", hash = "sha256:8897ba4be0b3a51f2b8f68946d650f3ef574fa2c40395544de03bd0c61979999"},
]

[package.dependencies]
aws-xray-sdk = {version = ">=2.8.0,<3.0.0", optional = true, markers = "extra == \"tracer\" or extra == \"all\""}
jmespath = ">=1.0.1,<2.0.0"
typing-extensions = ">=4.11.0,<5.0.0"

[package.extras]
all = ["aws-encryption-sdk (>=3.1.1,<5.0.0)", "aws-xray-sdk (>=2.8.0,<3.0.0)", "fastjsonschema (>=2.14.5,<3.0.0)", "jsonpath-ng (>=1.6.0,<2.0.0)", "pydantic (>=2.4.0,<3.0.0)", "pydantic-settings (>=2.6.1,<3.0.0)"]
aws-sdk = ["boto3 (>=1.34.32,<2.0.0)"]
datadog = ["datadog-lambda (>=6.106.0,<7.0.0)"]
datamasking = ["aws-encryption-sdk (>=3.1.1,<5.0.0)", "jsonpath-ng (>=1.6.0,<2.0.0)"]
kafka-consumer-avro = ["avro (>=1.12.0,<2.0.0)"]
kafka-consumer-protobuf = ["protobuf (>=6.30.2,<7.0.0)"]
parser = ["pydantic (>=2.4.0,<3.0.0)"]
redis = ["redis (>=4.4,<7.0)"]
tracer = ["aws-xray-sdk (>=2.8.0,<3.0.0)"]
validation = ["fastjsonschema (>=2.14.5,<3.0.0)"]
valkey = ["valkey-glide (>=1.3.5,<3.0)"]

[[package]]
name = "aws-xray-sdk"
version = "2.14.0"
description = "The AWS X-Ray SDK for Python (the SDK) enables Python developers to record and emit information from within their applications to the AWS X-Ray service."
optional = false
python-versions = ">=3.7"
groups = ["main"]
files = [
    {file = "aws_xray_sdk-2.14.0-py2.py3-none-any.whl", hash = "sha256:cfbe6feea3d26613a2a869d14c9246a844285c97087ad8f296f901633554ad94"},
    {file = "aws_xray_sdk-2.14.0.tar.gz", hash = "sha256:aab843c331af9ab9ba5cefb3a303832a19db186140894a523edafc024cc0493c"},
]

[package.dependencies]
botocore = ">=1.11.3"
wrapt = "*"

[[package]]
name = "blessed"
version = "1.21.0"
description = "Easy, practical library for making terminal apps, by providing an elegant, well-documented interface to Colors, Keyboard input, and screen Positioning capabilities."
optional = false
python-versions = ">=2.7"
groups = ["dev"]
files = [
    {file = "blessed-1.21.0-py2.py3-none-any.whl", hash = "sha256:f831e847396f5a2eac6c106f4dfadedf46c4f804733574b15fe86d2ed45a9588"},
    {file = "blessed-1.21.0.tar.gz", hash = "sha256:ece8bbc4758ab9176452f4e3a719d70088eb5739798cd5582c9e05f2a28337ec"},
]

[package.dependencies]
jinxed = {version = ">=1.1.0", markers = "platform_system == \"Windows\""}
wcwidth = ">=0.1.4"

[[package]]
name = "boto3"
version = "1.40.24"
description = "The AWS SDK for Python"
optional = false
python-versions = ">=3.9"
groups = ["main"]
files = [
    {file = "boto3-1.40.24-py3-none-any.whl", hash = "sha256:24a19e275d33e918afc22a78c6a1e20c14d02cc00e2f786b05e2a4a32191457e"},
    {file = "boto3-1.40.24.tar.gz", hash = "sha256:cc147ad13e8edf7ec69cbb4df8fe60f187f8b2c9ab8befa0fd1fbcfa4fc80b1f"},
]

[package.dependencies]
botocore = ">=1.40.24,<1.41.0"
jmespath = ">=0.7.1,<2.0.0"
s3transfer = ">=0.13.0,<0.14.0"

[package.extras]
crt = ["botocore[crt] (>=1.21.0,<2.0a0)"]

[[package]]
name = "botocore"
version = "1.40.24"
description = "Low-level, data-driven core of boto 3."
optional = false
python-versions = ">=3.9"
groups = ["main"]
files = [
    {file = "botocore-1.40.24-py3-none-any.whl", hash = "sha256:d566840f2291bb5df1c0903ad385c61c865927d562d41dcf6468c9cee4cc313a"},
    {file = "botocore-1.40.24.tar.gz", hash = "sha256:af2b49e52950a12229440d7c297aaad0a7b75fd1c4f8700b164948b207a08cf0"},
]

[package.dependencies]
jmespath = ">=0.7.1,<2.0.0"
python-dateutil = ">=2.1,<3.0.0"
urllib3 = {version = ">=1.25.4,<2.2.0 || >2.2.0,<3", markers = "python_version >= \"3.10\""}

[package.extras]
crt = ["awscrt (==0.27.6)"]

[[package]]
name = "editor"
version = "1.6.6"
description = "🖋 Open the default text editor 🖋"
optional = false
python-versions = ">=3.8"
groups = ["dev"]
files = [
    {file = "editor-1.6.6-py3-none-any.whl", hash = "sha256:e818e6913f26c2a81eadef503a2741d7cca7f235d20e217274a009ecd5a74abf"},
    {file = "editor-1.6.6.tar.gz", hash = "sha256:bb6989e872638cd119db9a4fce284cd8e13c553886a1c044c6b8d8a160c871f8"},
]

[package.dependencies]
runs = "*"
xmod = "*"

[[package]]
name = "inquirer"
version = "3.4.1"
description = "Collection of common interactive command line user interfaces, based on Inquirer.js"
optional = false
python-versions = ">=3.9.2"
groups = ["dev"]
files = [
    {file = "inquirer-3.4.1-py3-none-any.whl", hash = "sha256:717bf146d547b595d2495e7285fd55545cff85e5ce01decc7487d2ec6a605412"},
    {file = "inquirer-3.4.1.tar.gz", hash = "sha256:60d169fddffe297e2f8ad54ab33698249ccfc3fc377dafb1e5cf01a0efb9cbe5"},
]

[package.dependencies]
blessed = ">=1.19.0"
editor = ">=1.6.0"
readchar = ">=4.2.0"

[[package]]
name = "jinxed"
version = "1.3.0"
description = "Jinxed Terminal Library"
optional = false
python-versions = "*"
groups = ["dev"]
markers = "platform_system == \"Windows\""
files = [
    {file = "jinxed-1.3.0-py2.py3-none-any.whl", hash = "sha256:b993189f39dc2d7504d802152671535b06d380b26d78070559551cbf92df4fc5"},
    {file = "jinxed-1.3.0.tar.gz", hash = "sha256:1593124b18a41b7a3da3b078471442e51dbad3d77b4d4f2b0c26ab6f7d660dbf"},
]

[package.dependencies]
ansicon = {version = "*", markers = "platform_system == \"Windows\""}

[[package]]
name = "jmespath"
version = "1.0.1"
description = "JSON Matching Expressions"
optional = false
python-versions = ">=3.7"
groups = ["main"]
files = [
    {file = "jmespath-1.0.1-py3-none-any.whl", hash = "sha256:02e2e4cc71b5bcab88332eebf907519190dd9e6e82107fa7f83b1003a6252980"},
    {file = "jmespath-1.0.1.tar.gz", hash = "sha256:90261b206d6defd58fdd5e85f478bf633a2901798906be2ad389150c5c60edbe"},
]

[[package]]
name = "python-dateutil"
version = "2.9.0.post0"
description = "Extensions to the standard Python datetime module"
optional = false
python-versions = "!=3.0.*,!=3.1.*,!=3.2.*,>=2.7"
groups = ["main"]
files = [
    {file = "python-dateutil-2.9.0.post0.tar.gz", hash = "sha256:37dd54208da7e1cd875388217d5e00ebd4179249f90fb72437e91a35459a0ad3"},
    {file = "python_dateutil-2.9.0.post0-py2.py3-none-any.whl", hash = "sha256:a8b2bc7bffae282281c8140a97d3aa9c14da0b136dfe83f850eea9a5f7470427"},
]

[package.dependencies]
six = ">=1.5"

[[package]]
name = "readchar"
version = "4.2.1"
description = "Library to easily read single chars and key strokes"
optional = false
python-versions = ">=3.8"
groups = ["dev"]
files = [
    {file = "readchar-4.2.1-py3-none-any.whl", hash = "sha256:a769305cd3994bb5fa2764aa4073452dc105a4ec39068ffe6efd3c20c60acc77"},
    {file = "readchar-4.2.1.tar.gz", hash = "sha256:91ce3faf07688de14d800592951e5575e9c7a3213738ed01d394dcc949b79adb"},
]

[[package]]
name = "ruff"
version = "0.12.12"
description = "An extremely fast Python linter and code formatter, written in Rust."
optional = false
python-versions = ">=3.7"
groups = ["dev"]
files = [
    {file = "ruff-0.12.12-py3-none-linux_armv6l.whl", hash = "sha256:de1c4b916d98ab289818e55ce481e2cacfaad7710b01d1f990c497edf217dafc"},
    {file = "ruff-0.12.12-py3-none-macosx_10_12_x86_64.whl", hash = "sha256:7acd6045e87fac75a0b0cdedacf9ab3e1ad9d929d149785903cff9bb69ad9727"},
    {file = "ruff-0.12.12-py3-none-macosx_11_0_arm64.whl", hash = "sha256:abf4073688d7d6da16611f2f126be86523a8ec4343d15d276c614bda8ec44edb"},
    {file = "ruff-0.12.12-py3-none-manylinux_2_17_aarch64.manylinux2014_aarch64.whl", hash = "sha256:968e77094b1d7a576992ac078557d1439df678a34c6fe02fd979f973af167577"},
    {file = "ruff-0.12.12-py3-none-manylinux_2_17_armv7l.manylinux2014_armv7l.whl", hash = "sha256:42a67d16e5b1ffc6d21c5f67851e0e769517fb57a8ebad1d0781b30888aa704e"},
    {file = "ruff-0.12.12-py3-none-manylinux_2_17_i686.manylinux2014_i686.whl", hash = "sha256:b216ec0a0674e4b1214dcc998a5088e54eaf39417327b19ffefba1c4a1e4971e"},
    {file = "ruff-0.12.12-py3-none-manylinux_2_17_ppc64.manylinux2014_ppc64.whl", hash = "sha256:59f909c0fdd8f1dcdbfed0b9569b8bf428cf144bec87d9de298dcd4723f5bee8"},
    {file = "ruff-0.12.12-py3-none-manylinux_2_17_ppc64le.manylinux2014_ppc64le.whl", hash = "sha256:9ac93d87047e765336f0c18eacad51dad0c1c33c9df7484c40f98e1d773876f5"},
    {file = "ruff-0.12.12-py3-none-manylinux_2_17_s390x.manylinux2014_s390x.whl", hash = "sha256:01543c137fd3650d322922e8b14cc133b8ea734617c4891c5a9fccf4bfc9aa92"},
    {file = "ruff-0.12.12-py3-none-manylinux_2_17_x86_64.manylinux2014_x86_64.whl", hash = "sha256:2afc2fa864197634e549d87fb1e7b6feb01df0a80fd510d6489e1ce8c0b1cc45"},
    {file = "ruff-0.12.12-py3-none-manylinux_2_31_riscv64.whl", hash = "sha256:0c0945246f5ad776cb8925e36af2438e66188d2b57d9cf2eed2c382c58b371e5"},
    {file = "ruff-0.12.12-py3-none-musllinux_1_2_aarch64.whl", hash = "sha256:a0fbafe8c58e37aae28b84a80ba1817f2ea552e9450156018a478bf1fa80f4e4"},
    {file = "ruff-0.12.12-py3-none-musllinux_1_2_armv7l.whl", hash = "sha256:b9c456fb2fc8e1282affa932c9e40f5ec31ec9cbb66751a316bd131273b57c23"},
    {file = "ruff-0.12.12-py3-none-musllinux_1_2_i686.whl", hash = "sha256:5f12856123b0ad0147d90b3961f5c90e7427f9acd4b40050705499c98983f489"},
    {file = "ruff-0.12.12-py3-none-musllinux_1_2_x86_64.whl", hash = "sha256:26a1b5a2bf7dd2c47e3b46d077cd9c0fc3b93e6c6cc9ed750bd312ae9dc302ee"},
    {file = "ruff-0.12.12-py3-none-win32.whl", hash = "sha256:173be2bfc142af07a01e3a759aba6f7791aa47acf3604f610b1c36db888df7b1"},
    {file = "ruff-0.12.12-py3-none-win_amd64.whl", hash = "sha256:e99620bf01884e5f38611934c09dd194eb665b0109104acae3ba6102b600fd0d"},
    {file = "ruff-0.12.12-py3-none-win_arm64.whl", hash = "sha256:2a8199cab4ce4d72d158319b63370abf60991495fb733db96cd923a34c52d093"},
    {file = "ruff-0.12.12.tar.gz", hash = "sha256:b86cd3415dbe31b3b46a71c598f4c4b2f550346d1ccf6326b347cc0c8fd063d6"},
]

[[package]]
name = "runs"
version = "1.2.2"
description = "🏃 Run a block of text as a subprocess 🏃"
optional = false
python-versions = ">=3.8"
groups = ["dev"]
files = [
    {file = "runs-1.2.2-py3-none-any.whl", hash = "sha256:0980dcbc25aba1505f307ac4f0e9e92cbd0be2a15a1e983ee86c24c87b839dfd"},
    {file = "runs-1.2.2.tar.gz", hash = "sha256:9dc1815e2895cfb3a48317b173b9f1eac9ba5549b36a847b5cc60c3bf82ecef1"},
]

[package.dependencies]
xmod = "*"

[[package]]
name = "s3transfer"
version = "0.13.1"
description = "An Amazon S3 Transfer Manager"
optional = false
python-versions = ">=3.9"
groups = ["main"]
files = [
    {file = "s3transfer-0.13.1-py3-none-any.whl", hash = "sha256:a981aa7429be23fe6dfc13e80e4020057cbab622b08c0315288758d67cabc724"},
    {file = "s3transfer-0.13.1.tar.gz", hash = "sha256:c3fdba22ba1bd367922f27ec8032d6a1cf5f10c934fb5d68cf60fd5a23d936cf"},
]

[package.dependencies]
botocore = ">=1.37.4,<2.0a.0"

[package.extras]
crt = ["botocore[crt] (>=1.37.4,<2.0a.0)"]

[[package]]
name = "six"
version = "1.16.0"
description = "Python 2 and 3 compatibility utilities"
optional = false
python-versions = ">=2.7, !=3.0.*, !=3.1.*, !=3.2.*"
groups = ["main"]
files = [
    {file = "six-1.16.0-py2.py3-none-any.whl", hash = "sha256:8abb2f1d86890a2dfb989f9a77cfcfd3e47c2a354b01111771326f8aa26e0254"},
    {file = "six-1.16.0.tar.gz", hash = "sha256:1e61c37477a1626458e36f7b1d82aa5c9b094fa4802892072e49de9c60c4c926"},
]

[[package]]
name = "typing-extensions"
version = "4.12.2"
description = "Backported and Experimental Type Hints for Python 3.8+"
optional = false
python-versions = ">=3.8"
groups = ["main"]
files = [
    {file = "typing_extensions-4.12.2-py3-none-any.whl", hash = "sha256:04e5ca0351e0f3f85c6853954072df659d0d13fac324d0072316b67d7794700d"},
    {file = "typing_extensions-4.12.2.tar.gz", hash = "sha256:1a7ead55c7e559dd4dee8856e3a88b41225abfe1ce8df57b7c13915fe121ffb8"},
]

[[package]]
name = "urllib3"
version = "2.2.2"
description = "HTTP library with thread-safe connection pooling, file post, and more."
optional = false
python-versions = ">=3.8"
groups = ["main"]
files = [
    {file = "urllib3-2.2.2-py3-none-any.whl", hash = "sha256:a448b2f64d686155468037e1ace9f2d2199776e17f0a46610480d311f73e3472"},
    {file = "urllib3-2.2.2.tar.gz", hash = "sha256:dd505485549a7a552833da5e6063639d0d177c04f23bc3864e41e5dc5f612168"},
]

[package.extras]
brotli = ["brotli (>=1.0.9) ; platform_python_implementation == \"CPython\"", "brotlicffi (>=0.8.0) ; platform_python_implementation != \"CPython\""]
h2 = ["h2 (>=4,<5)"]
socks = ["pysocks (>=1.5.6,!=1.5.7,<2.0)"]
zstd = ["zstandard (>=0.18.0)"]

[[package]]
name = "wcwidth"
version = "0.2.13"
description = "Measures the displayed width of unicode strings in a terminal"
optional = false
python-versions = "*"
groups = ["dev"]
files = [
    {file = "wcwidth-0.2.13-py2.py3-none-any.whl", hash = "sha256:3da69048e4540d84af32131829ff948f1e022c1c6bdb8d6102117aac784f6859"},
    {file = "wcwidth-0.2.13.tar.gz", hash = "sha256:72ea0c06399eb286d978fdedb6923a9eb47e1c486ce63e9b4e64fc18303972b5"},
]

[[package]]
name = "wrapt"
version = "1.16.0"
description = "Module for decorators, wrappers and monkey patching."
optional = false
python-versions = ">=3.6"
groups = ["main"]
files = [
    {file = "wrapt-1.16.0-cp310-cp310-macosx_10_9_x86_64.whl", hash = "sha256:ffa565331890b90056c01db69c0fe634a776f8019c143a5ae265f9c6bc4bd6d4"},
    {file = "wrapt-1.16.0-cp310-cp310-macosx_11_0_arm64.whl", hash = "sha256:e4fdb9275308292e880dcbeb12546df7f3e0f96c6b41197e0cf37d2826359020"},
    {file = "wrapt-1.16.0-cp310-cp310-manylinux_2_17_aarch64.manylinux2014_aarch64.whl", hash = "sha256:bb2dee3874a500de01c93d5c71415fcaef1d858370d405824783e7a8ef5db440"},
    {file = "wrapt-1.16.0-cp310-cp310-manylinux_2_5_i686.manylinux1_i686.manylinux_2_17_i686.manylinux2014_i686.whl", hash = "sha256:2a88e6010048489cda82b1326889ec075a8c856c2e6a256072b28eaee3ccf487"},
    {file = "wrapt-1.16.0-cp310-cp310-manylinux_2_5_x86_64.manylinux1_x86_64.manylinux_2_17_x86_64.manylinux2014_x86_64.whl", hash = "sha256:ac83a914ebaf589b69f7d0a1277602ff494e21f4c2f743313414378f8f50a4cf"},
    {file = "wrapt-1.16.0-cp310-cp310-musllinux_1_1_aarch64.whl", hash = "sha256:73aa7d98215d39b8455f103de64391cb79dfcad601701a3aa0dddacf74911d72"},
    {file = "wrapt-1.16.0-cp310-cp310-musllinux_1_1_i686.whl", hash = "sha256:807cc8543a477ab7422f1120a217054f958a66ef7314f76dd9e77d3f02cdccd0"},
    {file = "wrapt-1.16.0-cp310-cp310-musllinux_1_1_x86_64.whl", hash = "sha256:bf5703fdeb350e36885f2875d853ce13172ae281c56e509f4e6eca049bdfb136"},
    {file = "wrapt-1.16.0-cp310-cp310-win32.whl", hash = "sha256:f6b2d0c6703c988d334f297aa5df18c45e97b0af3679bb75059e0e0bd8b1069d"},
    {file = "wrapt-1.16.0-cp310-cp310-win_amd64.whl", hash = "sha256:decbfa2f618fa8ed81c95ee18a387ff973143c656ef800c9f24fb7e9c16054e2"},
    {file = "wrapt-1.16.0-cp311-cp311-macosx_10_9_x86_64.whl", hash = "sha256:1a5db485fe2de4403f13fafdc231b0dbae5eca4359232d2efc79025527375b09"},
    {file = "wrapt-1.16.0-cp311-cp311-macosx_11_0_arm64.whl", hash = "sha256:75ea7d0ee2a15733684badb16de6794894ed9c55aa5e9903260922f0482e687d"},
    {file = "wrapt-1.16.0-cp311-cp311-manylinux_2_17_aarch64.manylinux2014_aarch64.whl", hash = "sha256:a452f9ca3e3267cd4d0fcf2edd0d035b1934ac2bd7e0e57ac91ad6b95c0c6389"},
    {file = "wrapt-1.16.0-cp311-cp311-manylinux_2_5_i686.manylinux1_i686.manylinux_2_17_i686.manylinux2014_i686.whl", hash = "sha256:43aa59eadec7890d9958748db829df269f0368521ba6dc68cc172d5d03ed8060"},
    {file = "wrapt-1.16.0-cp311-cp311-manylinux_2_5_x86_64.manylinux1_x86_64.manylinux_2_17_x86_64.manylinux2014_x86_64.whl", hash = "sha256:72554a23c78a8e7aa02abbd699d129eead8b147a23c56e08d08dfc29cfdddca1"},
    {file = "wrapt-1.16.0-cp311-cp311-musllinux_1_1_aarch64.whl", hash = "sha256:d2efee35b4b0a347e0d99d28e884dfd82797852d62fcd7ebdeee26f3ceb72cf3"},
    {file = "wrapt-1.16.0-cp311-cp311-musllinux_1_1_i686.whl", hash = "sha256:6dcfcffe73710be01d90cae08c3e548d90932d37b39ef83969ae135d36ef3956"},
    {file = "wrapt-1.16.0-cp311-cp311-musllinux_1_1_x86_64.whl", hash = "sha256:eb6e651000a19c96f452c85132811d25e9264d836951022d6e81df2fff38337d"},
    {file = "wrapt-1.16.0-cp311-cp311-win32.whl", hash = "sha256:66027d667efe95cc4fa945af59f92c5a02c6f5bb6012bff9e60542c74c75c362"},
    {file = "wrapt-1.16.0-cp311-cp311-win_amd64.whl", hash = "sha256:aefbc4cb0a54f91af643660a0a150ce2c090d3652cf4052a5397fb2de549cd89"},
    {file = "wrapt-1.16.0-cp312-cp312-macosx_10_9_x86_64.whl", hash = "sha256:5eb404d89131ec9b4f748fa5cfb5346802e5ee8836f57d516576e61f304f3b7b"},
    {file = "wrapt-1.16.0-cp312-cp312-macosx_11_0_arm64.whl", hash = "sha256:9090c9e676d5236a6948330e83cb89969f433b1943a558968f659ead07cb3b36"},
    {file = "wrapt-1.16.0-cp312-cp312-manylinux_2_17_aarch64.manylinux2014_aarch64.whl", hash = "sha256:94265b00870aa407bd0cbcfd536f17ecde43b94fb8d228560a1e9d3041462d73"},
    {file = "wrapt-1.16.0-cp312-cp312-manylinux_2_5_i686.manylinux1_i686.manylinux_2_17_i686.manylinux2014_i686.whl", hash = "sha256:f2058f813d4f2b5e3a9eb2eb3faf8f1d99b81c3e51aeda4b168406443e8ba809"},
    {file = "wrapt-1.16.0-cp312-cp312-manylinux_2_5_x86_64.manylinux1_x86_64.manylinux_2_17_x86_64.manylinux2014_x86_64.whl", hash = "sha256:98b5e1f498a8ca1858a1cdbffb023bfd954da4e3fa2c0cb5853d40014557248b"},
    {file = "wrapt-1.16.0-cp312-cp312-musllinux_1_1_aarch64.whl", hash = "sha256:14d7dc606219cdd7405133c713f2c218d4252f2a469003f8c46bb92d5d095d81"},
    {file = "wrapt-1.16.0-cp312-cp312-musllinux_1_1_i686.whl", hash = "sha256:49aac49dc4782cb04f58986e81ea0b4768e4ff197b57324dcbd7699c5dfb40b9"},
    {file = "wrapt-1.16.0-cp312-cp312-musllinux_1_1_x86_64.whl", hash = "sha256:418abb18146475c310d7a6dc71143d6f7adec5b004ac9ce08dc7a34e2babdc5c"},
    {file = "wrapt-1.16.0-cp312-cp312-win32.whl", hash = "sha256:685f568fa5e627e93f3b52fda002c7ed2fa1800b50ce51f6ed1d572d8ab3e7fc"},
    {file = "wrapt-1.16.0-cp312-cp312-win_amd64.whl", hash = "sha256:dcdba5c86e368442528f7060039eda390cc4091bfd1dca41e8046af7c910dda8"},
    {file = "wrapt-1.16.0-cp36-cp36m-macosx_10_9_x86_64.whl", hash = "sha256:d462f28826f4657968ae51d2181a074dfe03c200d6131690b7d65d55b0f360f8"},
    {file = "wrapt-1.16.0-cp36-cp36m-manylinux_2_17_aarch64.manylinux2014_aarch64.whl", hash = "sha256:a33a747400b94b6d6b8a165e4480264a64a78c8a4c734b62136062e9a248dd39"},
    {file = "wrapt-1.16.0-cp36-cp36m-manylinux_2_5_i686.manylinux1_i686.manylinux_2_17_i686.manylinux2014_i686.whl", hash = "sha256:b3646eefa23daeba62643a58aac816945cadc0afaf21800a1421eeba5f6cfb9c"},
    {file = "wrapt-1.16.0-cp36-cp36m-manylinux_2_5_x86_64.manylinux1_x86_64.manylinux_2_17_x86_64.manylinux2014_x86_64.whl", hash = "sha256:3ebf019be5c09d400cf7b024aa52b1f3aeebeff51550d007e92c3c1c4afc2a40"},
    {file = "wrapt-1.16.0-cp36-cp36m-musllinux_1_1_aarch64.whl", hash = "sha256:0d2691979e93d06a95a26257adb7bfd0c93818e89b1406f5a28f36e0d8c1e1fc"},
    {file = "wrapt-1.16.0-cp36-cp36m-musllinux_1_1_i686.whl", hash = "sha256:1acd723ee2a8826f3d53910255643e33673e1d11db84ce5880675954183ec47e"},
    {file = "wrapt-1.16.0-cp36-cp36m-musllinux_1_1_x86_64.whl", hash = "sha256:bc57efac2da352a51cc4658878a68d2b1b67dbe9d33c36cb826ca449d80a8465"},
    {file = "wrapt-1.16.0-cp36-cp36m-win32.whl", hash = "sha256:da4813f751142436b075ed7aa012a8778aa43a99f7b36afe9b742d3ed8bdc95e"},
    {file = "wrapt-1.16.0-cp36-cp36m-win_amd64.whl", hash = "sha256:6f6eac2360f2d543cc875a0e5efd413b6cbd483cb3ad7ebf888884a6e0d2e966"},
    {file = "wrapt-1.16.0-cp37-cp37m-macosx_10_9_x86_64.whl", hash = "sha256:a0ea261ce52b5952bf669684a251a66df239ec6d441ccb59ec7afa882265d593"},
    {file = "wrapt-1.16.0-cp37-cp37m-manylinux_2_17_aarch64.manylinux2014_aarch64.whl", hash = "sha256:7bd2d7ff69a2cac767fbf7a2b206add2e9a210e57947dd7ce03e25d03d2de292"},
    {file = "wrapt-1.16.0-cp37-cp37m-manylinux_2_5_i686.manylinux1_i686.manylinux_2_17_i686.manylinux2014_i686.whl", hash = "sha256:9159485323798c8dc530a224bd3ffcf76659319ccc7bbd52e01e73bd0241a0c5"},
    {file = "wrapt-1.16.0-cp37-cp37m-manylinux_2_5_x86_64.manylinux1_x86_64.manylinux_2_17_x86_64.manylinux2014_x86_64.whl", hash = "sha256:a86373cf37cd7764f2201b76496aba58a52e76dedfaa698ef9e9688bfd9e41cf"},
    {file = "wrapt-1.16.0-cp37-cp37m-musllinux_1_1_aarch64.whl", hash = "sha256:73870c364c11f03ed072dda68ff7aea6d2a3a5c3fe250d917a429c7432e15228"},
    {file = "wrapt-1.16.0-cp37-cp37m-musllinux_1_1_i686.whl", hash = "sha256:b935ae30c6e7400022b50f8d359c03ed233d45b725cfdd299462f41ee5ffba6f"},
    {file = "wrapt-1.16.0-cp37-cp37m-musllinux_1_1_x86_64.whl", hash = "sha256:db98ad84a55eb09b3c32a96c576476777e87c520a34e2519d3e59c44710c002c"},
    {file = "wrapt-1.16.0-cp37-cp37m-win32.whl", hash = "sha256:9153ed35fc5e4fa3b2fe97bddaa7cbec0ed22412b85bcdaf54aeba92ea37428c"},
    {file = "wrapt-1.16.0-cp37-cp37m-win_amd64.whl", hash = "sha256:66dfbaa7cfa3eb707bbfcd46dab2bc6207b005cbc9caa2199bcbc81d95071a00"},
    {file = "wrapt-1.16.0-cp38-cp38-macosx_10_9_x86_64.whl", hash = "sha256:1dd50a2696ff89f57bd8847647a1c363b687d3d796dc30d4dd4a9d1689a706f0"},
    {file = "wrapt-1.16.0-cp38-cp38-macosx_11_0_arm64.whl", hash = "sha256:44a2754372e32ab315734c6c73b24351d06e77ffff6ae27d2ecf14cf3d229202"},
    {file = "wrapt-1.16.0-cp38-cp38-manylinux_2_17_aarch64.manylinux2014_aarch64.whl", hash = "sha256:8e9723528b9f787dc59168369e42ae1c3b0d3fadb2f1a71de14531d321ee05b0"},
    {file = "wrapt-1.16.0-cp38-cp38-manylinux_2_5_i686.manylinux1_i686.manylinux_2_17_i686.manylinux2014_i686.whl", hash = "sha256:dbed418ba5c3dce92619656802cc5355cb679e58d0d89b50f116e4a9d5a9603e"},
    {file = "wrapt-1.16.0-cp38-cp38-manylinux_2_5_x86_64.manylinux1_x86_64.manylinux_2_17_x86_64.manylinux2014_x86_64.whl", hash = "sha256:941988b89b4fd6b41c3f0bfb20e92bd23746579736b7343283297c4c8cbae68f"},
    {file = "wrapt-1.16.0-cp38-cp38-musllinux_1_1_aarch64.whl", hash = "sha256:6a42cd0cfa8ffc1915aef79cb4284f6383d8a3e9dcca70c445dcfdd639d51267"},
    {file = "wrapt-1.16.0-cp38-cp38-musllinux_1_1_i686.whl", hash = "sha256:1ca9b6085e4f866bd584fb135a041bfc32cab916e69f714a7d1d397f8c4891ca"},
    {file = "wrapt-1.16.0-cp38-cp38-musllinux_1_1_x86_64.whl", hash = "sha256:d5e49454f19ef621089e204f862388d29e6e8d8b162efce05208913dde5b9ad6"},
    {file = "wrapt-1.16.0-cp38-cp38-win32.whl", hash = "sha256:c31f72b1b6624c9d863fc095da460802f43a7c6868c5dda140f51da24fd47d7b"},
    {file = "wrapt-1.16.0-cp38-cp38-win_amd64.whl", hash = "sha256:490b0ee15c1a55be9c1bd8609b8cecd60e325f0575fc98f50058eae366e01f41"},
    {file = "wrapt-1.16.0-cp39-cp39-macosx_10_9_x86_64.whl", hash = "sha256:9b201ae332c3637a42f02d1045e1d0cccfdc41f1f2f801dafbaa7e9b4797bfc2"},
    {file = "wrapt-1.16.0-cp39-cp39-macosx_11_0_arm64.whl", hash = "sha256:2076fad65c6736184e77d7d4729b63a6d1ae0b70da4868adeec40989858eb3fb"},
    {file = "wrapt-1.16.0-cp39-cp39-manylinux_2_17_aarch64.manylinux2014_aarch64.whl", hash = "sha256:c5cd603b575ebceca7da5a3a251e69561bec509e0b46e4993e1cac402b7247b8"},
    {file = "wrapt-1.16.0-cp39-cp39-manylinux_2_5_i686.manylinux1_i686.manylinux_2_17_i686.manylinux2014_i686.whl", hash = "sha256:b47cfad9e9bbbed2339081f4e346c93ecd7ab504299403320bf85f7f85c7d46c"},
    {file = "wrapt-1.16.0-cp39-cp39-manylinux_2_5_x86_64.manylinux1_x86_64.manylinux_2_17_x86_64.manylinux2014_x86_64.whl", hash = "sha256:f8212564d49c50eb4565e502814f694e240c55551a5f1bc841d4fcaabb0a9b8a"},
    {file = "wrapt-1.16.0-cp39-cp39-musllinux_1_1_aarch64.whl", hash = "sha256:5f15814a33e42b04e3de432e573aa557f9f0f56458745c2074952f564c50e664"},
    {file = "wrapt-1.16.0-cp39-cp39-musllinux_1_1_i686.whl", hash = "sha256:db2e408d983b0e61e238cf579c09ef7020560441906ca990fe8412153e3b291f"},
    {file = "wrapt-1.16.0-cp39-cp39-musllinux_1_1_x86_64.whl", hash = "sha256:edfad1d29c73f9b863ebe7082ae9321374ccb10879eeabc84ba3b69f2579d537"},
    {file = "wrapt-1.16.0-cp39-cp39-win32.whl", hash = "sha256:ed867c42c268f876097248e05b6117a65bcd1e63b779e916fe2e33cd6fd0d3c3"},
    {file = "wrapt-1.16.0-cp39-cp39-win_amd64.whl", hash = "sha256:eb1b046be06b0fce7249f1d025cd359b4b80fc1c3e24ad9eca33e0dcdb2e4a35"},
    {file = "wrapt-1.16.0-py3-none-any.whl", hash = "sha256:6906c4100a8fcbf2fa735f6059214bb13b97f75b1a61777fcf6432121ef12ef1"},
    {file = "wrapt-1.16.0.tar.gz", hash = "sha256:5f370f952971e7d17c7d1ead40e49f32345a7f7a5373571ef44d800d06b1899d"},
]

[[package]]
name = "xmod"
version = "1.8.1"
description = "🌱 Turn any object into a module 🌱"
optional = false
python-versions = ">=3.8"
groups = ["dev"]
files = [
    {file = "xmod-1.8.1-py3-none-any.whl", hash = "sha256:a24e9458a4853489042522bdca9e50ee2eac5ab75c809a91150a8a7f40670d48"},
    {file = "xmod-1.8.1.tar.gz", hash = "sha256:38c76486b9d672c546d57d8035df0beb7f4a9b088bc3fb2de5431ae821444377"},
]

[metadata]
lock-version = "2.1"
python-versions = ">=3.11,<3.12"
content-hash = "866dd6418bcd185f319b2e3a719c6de48cf58d4424c8fadf08578908570ad952"
